
Microsoft Visual Studio Solution File, Format Version 12.00
# Visual Studio Version 17
VisualStudioVersion = 17.13.35931.197
MinimumVisualStudioVersion = 10.0.40219.1
Project("{FAE04EC0-301F-11D3-BF4B-00C04F79EFBC}") = "TreeProperties", "TreeProperties\TreeProperties\TreeProperties.csproj", "{E9C9CE42-2F66-42C3-A9B1-91105FAD9D04}"
EndProject
Project("{2150E333-8FDC-42A3-9474-1A3956D46DE8}") = "Tree", "Tree", "{02EA681E-C7D8-13C7-8484-4AC65E1B71E8}"
EndProject
Project("{FAE04EC0-301F-11D3-BF4B-00C04F79EFBC}") = "TreePropertiesUnitTesting", "TreeProperties\TreePropertiesUnitTesting\TreePropertiesUnitTesting.csproj", "{1BD47027-1FD1-4FA9-9C8A-081268D46EEA}"
EndProject
Project("{54A90642-561A-4BB1-A94E-469ADEE60C69}") = "TreePropertiesTypeScript", "TreeProperties\TreePropertiesTypeScript\TreePropertiesTypeScript.esproj", "{EDA24ABC-E6D7-9716-02EC-FA2C87EBDB79}"
EndProject
Project("{2150E333-8FDC-42A3-9474-1A3956D46DE8}") = "AspNetApi", "AspNetApi", "{2DD45EF0-A530-4C24-9133-B7E6665F0E71}"
EndProject
Project("{FAE04EC0-301F-11D3-BF4B-00C04F79EFBC}") = "AspNetApiUnitTesting", "AspNetApi\AspNetApiUnitTesting\AspNetApiUnitTesting.csproj", "{968FD2F0-5B61-47A1-BE07-DCB2639B5D8A}"
EndProject
Project("{FAE04EC0-301F-11D3-BF4B-00C04F79EFBC}") = "AspNetApi", "AspNetApi\AspNetApi\AspNetApi.csproj", "{F3ECB64F-CE56-C304-FE7B-E9F9B8E26A7C}"
EndProject
Global
	GlobalSection(SolutionConfigurationPlatforms) = preSolution
		Debug|Any CPU = Debug|Any CPU
		Release|Any CPU = Release|Any CPU
	EndGlobalSection
	GlobalSection(ProjectConfigurationPlatforms) = postSolution
		{E9C9CE42-2F66-42C3-A9B1-91105FAD9D04}.Debug|Any CPU.ActiveCfg = Debug|Any CPU
		{E9C9CE42-2F66-42C3-A9B1-91105FAD9D04}.Debug|Any CPU.Build.0 = Debug|Any CPU
		{E9C9CE42-2F66-42C3-A9B1-91105FAD9D04}.Release|Any CPU.ActiveCfg = Release|Any CPU
		{E9C9CE42-2F66-42C3-A9B1-91105FAD9D04}.Release|Any CPU.Build.0 = Release|Any CPU
		{1BD47027-1FD1-4FA9-9C8A-081268D46EEA}.Debug|Any CPU.ActiveCfg = Debug|Any CPU
		{1BD47027-1FD1-4FA9-9C8A-081268D46EEA}.Debug|Any CPU.Build.0 = Debug|Any CPU
		{1BD47027-1FD1-4FA9-9C8A-081268D46EEA}.Release|Any CPU.ActiveCfg = Release|Any CPU
		{1BD47027-1FD1-4FA9-9C8A-081268D46EEA}.Release|Any CPU.Build.0 = Release|Any CPU
		{EDA24ABC-E6D7-9716-02EC-FA2C87EBDB79}.Debug|Any CPU.ActiveCfg = Debug|Any CPU
		{EDA24ABC-E6D7-9716-02EC-FA2C87EBDB79}.Debug|Any CPU.Build.0 = Debug|Any CPU
		{EDA24ABC-E6D7-9716-02EC-FA2C87EBDB79}.Debug|Any CPU.Deploy.0 = Debug|Any CPU
		{EDA24ABC-E6D7-9716-02EC-FA2C87EBDB79}.Release|Any CPU.ActiveCfg = Release|Any CPU
		{EDA24ABC-E6D7-9716-02EC-FA2C87EBDB79}.Release|Any CPU.Build.0 = Release|Any CPU
		{EDA24ABC-E6D7-9716-02EC-FA2C87EBDB79}.Release|Any CPU.Deploy.0 = Release|Any CPU
		{968FD2F0-5B61-47A1-BE07-DCB2639B5D8A}.Debug|Any CPU.ActiveCfg = Debug|Any CPU
		{968FD2F0-5B61-47A1-BE07-DCB2639B5D8A}.Debug|Any CPU.Build.0 = Debug|Any CPU
		{968FD2F0-5B61-47A1-BE07-DCB2639B5D8A}.Release|Any CPU.ActiveCfg = Release|Any CPU
		{968FD2F0-5B61-47A1-BE07-DCB2639B5D8A}.Release|Any CPU.Build.0 = Release|Any CPU
		{F3ECB64F-CE56-C304-FE7B-E9F9B8E26A7C}.Debug|Any CPU.ActiveCfg = Debug|Any CPU
		{F3ECB64F-CE56-C304-FE7B-E9F9B8E26A7C}.Debug|Any CPU.Build.0 = Debug|Any CPU
		{F3ECB64F-CE56-C304-FE7B-E9F9B8E26A7C}.Release|Any CPU.ActiveCfg = Release|Any CPU
		{F3ECB64F-CE56-C304-FE7B-E9F9B8E26A7C}.Release|Any CPU.Build.0 = Release|Any CPU
	EndGlobalSection
	GlobalSection(SolutionProperties) = preSolution
		HideSolutionNode = FALSE
	EndGlobalSection
	GlobalSection(NestedProjects) = preSolution
		{E9C9CE42-2F66-42C3-A9B1-91105FAD9D04} = {02EA681E-C7D8-13C7-8484-4AC65E1B71E8}
		{1BD47027-1FD1-4FA9-9C8A-081268D46EEA} = {02EA681E-C7D8-13C7-8484-4AC65E1B71E8}
		{EDA24ABC-E6D7-9716-02EC-FA2C87EBDB79} = {02EA681E-C7D8-13C7-8484-4AC65E1B71E8}
		{968FD2F0-5B61-47A1-BE07-DCB2639B5D8A} = {2DD45EF0-A530-4C24-9133-B7E6665F0E71}
		{F3ECB64F-CE56-C304-FE7B-E9F9B8E26A7C} = {2DD45EF0-A530-4C24-9133-B7E6665F0E71}
	EndGlobalSection
	GlobalSection(ExtensibilityGlobals) = postSolution
		SolutionGuid = {7527D4FD-91A6-404B-BEC7-F59519E22B4D}
	EndGlobalSection
EndGlobal
